
Microsoft Visual Studio Solution File, Format Version 12.00
# Visual Studio Version 17
VisualStudioVersion = 17.9.34622.214
MinimumVisualStudioVersion = 10.0.40219.1
Project("{FAE04EC0-301F-11D3-BF4B-00C04F79EFBC}") = "LAB3_NT106.O21.ANTT", "LAB3_NT106.O21.ANTT\LAB3_NT106.O21.ANTT.csproj", "{A0F02DAC-D786-4CC3-9C38-FB3FCF6A8C51}"
EndProject
Global
	GlobalSection(SolutionConfigurationPlatforms) = preSolution
		Debug|Any CPU = Debug|Any CPU
		Release|Any CPU = Release|Any CPU
	EndGlobalSection
	GlobalSection(ProjectConfigurationPlatforms) = postSolution
		{A0F02DAC-D786-4CC3-9C38-FB3FCF6A8C51}.Debug|Any CPU.ActiveCfg = Debug|Any CPU
		{A0F02DAC-D786-4CC3-9C38-FB3FCF6A8C51}.Debug|Any CPU.Build.0 = Debug|Any CPU
		{A0F02DAC-D786-4CC3-9C38-FB3FCF6A8C51}.Release|Any CPU.ActiveCfg = Release|Any CPU
		{A0F02DAC-D786-4CC3-9C38-FB3FCF6A8C51}.Release|Any CPU.Build.0 = Release|Any CPU
	EndGlobalSection
	GlobalSection(SolutionProperties) = preSolution
		HideSolutionNode = FALSE
	EndGlobalSection
	GlobalSection(ExtensibilityGlobals) = postSolution
		SolutionGuid = {8D57AE6D-7D81-4271-831C-639A99900D11}
	EndGlobalSection
EndGlobal
