
Microsoft Visual Studio Solution File, Format Version 12.00
# Visual Studio Version 17
VisualStudioVersion = 17.9.34622.214
MinimumVisualStudioVersion = 10.0.40219.1
Project("{FAE04EC0-301F-11D3-BF4B-00C04F79EFBC}") = "LAB1_NT106.O21.ANTT", "WindowsFormsApp4\LAB1_NT106.O21.ANTT.csproj", "{21EDC054-3460-4C45-ABD0-6E4C371ED6C0}"
EndProject
Global
	GlobalSection(SolutionConfigurationPlatforms) = preSolution
		Debug|Any CPU = Debug|Any CPU
		Release|Any CPU = Release|Any CPU
	EndGlobalSection
	GlobalSection(ProjectConfigurationPlatforms) = postSolution
		{21EDC054-3460-4C45-ABD0-6E4C371ED6C0}.Debug|Any CPU.ActiveCfg = Debug|Any CPU
		{21EDC054-3460-4C45-ABD0-6E4C371ED6C0}.Debug|Any CPU.Build.0 = Debug|Any CPU
		{21EDC054-3460-4C45-ABD0-6E4C371ED6C0}.Release|Any CPU.ActiveCfg = Release|Any CPU
		{21EDC054-3460-4C45-ABD0-6E4C371ED6C0}.Release|Any CPU.Build.0 = Release|Any CPU
	EndGlobalSection
	GlobalSection(SolutionProperties) = preSolution
		HideSolutionNode = FALSE
	EndGlobalSection
	GlobalSection(ExtensibilityGlobals) = postSolution
		SolutionGuid = {FD7AD466-B6AC-4C5A-817F-78DE02CAF452}
	EndGlobalSection
EndGlobal
