
Microsoft Visual Studio Solution File, Format Version 12.00
# Visual Studio Version 17
VisualStudioVersion = 17.9.34622.214
MinimumVisualStudioVersion = 10.0.40219.1
Project("{FAE04EC0-301F-11D3-BF4B-00C04F79EFBC}") = "LAB4_NT106.O21.ANTT", "LAB4_NT106.O21.ANTT\LAB4_NT106.O21.ANTT.csproj", "{0CDC8CA6-5B3A-427B-8410-6A1E3D3EC723}"
EndProject
Global
	GlobalSection(SolutionConfigurationPlatforms) = preSolution
		Debug|Any CPU = Debug|Any CPU
		Release|Any CPU = Release|Any CPU
	EndGlobalSection
	GlobalSection(ProjectConfigurationPlatforms) = postSolution
		{0CDC8CA6-5B3A-427B-8410-6A1E3D3EC723}.Debug|Any CPU.ActiveCfg = Debug|Any CPU
		{0CDC8CA6-5B3A-427B-8410-6A1E3D3EC723}.Debug|Any CPU.Build.0 = Debug|Any CPU
		{0CDC8CA6-5B3A-427B-8410-6A1E3D3EC723}.Release|Any CPU.ActiveCfg = Release|Any CPU
		{0CDC8CA6-5B3A-427B-8410-6A1E3D3EC723}.Release|Any CPU.Build.0 = Release|Any CPU
	EndGlobalSection
	GlobalSection(SolutionProperties) = preSolution
		HideSolutionNode = FALSE
	EndGlobalSection
	GlobalSection(ExtensibilityGlobals) = postSolution
		SolutionGuid = {FC7D75BA-627E-44D0-8213-B0A5F56DA924}
	EndGlobalSection
EndGlobal
